// !$*UTF8*$!
{
	archiveVersion = 1;
	classes = {
	};
	objectVersion = 56;
	objects = {

/* Begin PBXBuildFile section */
		EBD71B0129E582DA0077739D /* WhatodoApp.swift in Sources */ = {isa = PBXBuildFile; fileRef = EBD71B0029E582DA0077739D /* WhatodoApp.swift */; };
		EBD71B0329E582DA0077739D /* ContentView.swift in Sources */ = {isa = PBXBuildFile; fileRef = EBD71B0229E582DA0077739D /* ContentView.swift */; };
		EBD71B0529E582DE0077739D /* Assets.xcassets in Resources */ = {isa = PBXBuildFile; fileRef = EBD71B0429E582DE0077739D /* Assets.xcassets */; };
		EBD71B0829E582DE0077739D /* Preview Assets.xcassets in Resources */ = {isa = PBXBuildFile; fileRef = EBD71B0729E582DE0077739D /* Preview Assets.xcassets */; };
		EBD71B1029E58BB60077739D /* SwiftUICharts in Frameworks */ = {isa = PBXBuildFile; productRef = EBD71B0F29E58BB60077739D /* SwiftUICharts */; };
		EBD71B1629E58E2C0077739D /* Model.xcdatamodeld in Sources */ = {isa = PBXBuildFile; fileRef = EBD71B1429E58E2C0077739D /* Model.xcdatamodeld */; };
		EBD71B1B29E58F0A0077739D /* Task+CoreDataClass.swift in Sources */ = {isa = PBXBuildFile; fileRef = EBD71B1729E58F0A0077739D /* Task+CoreDataClass.swift */; };
		EBD71B1C29E58F0A0077739D /* Task+CoreDataProperties.swift in Sources */ = {isa = PBXBuildFile; fileRef = EBD71B1829E58F0A0077739D /* Task+CoreDataProperties.swift */; };
		EBD71B1D29E58F0A0077739D /* User+CoreDataClass.swift in Sources */ = {isa = PBXBuildFile; fileRef = EBD71B1929E58F0A0077739D /* User+CoreDataClass.swift */; };
		EBD71B1E29E58F0A0077739D /* User+CoreDataProperties.swift in Sources */ = {isa = PBXBuildFile; fileRef = EBD71B1A29E58F0A0077739D /* User+CoreDataProperties.swift */; };
		EBD71B2029E590A90077739D /* SearchBarView.swift in Sources */ = {isa = PBXBuildFile; fileRef = EBD71B1F29E590A90077739D /* SearchBarView.swift */; };
		EBD71B2229E590B70077739D /* AddTaskView.swift in Sources */ = {isa = PBXBuildFile; fileRef = EBD71B2129E590B70077739D /* AddTaskView.swift */; };
		EBD71B2429E590C70077739D /* AddAdditionalInfoView.swift in Sources */ = {isa = PBXBuildFile; fileRef = EBD71B2329E590C70077739D /* AddAdditionalInfoView.swift */; };
		EBD71B2629E592010077739D /* SwiftUIChartHelper.swift in Sources */ = {isa = PBXBuildFile; fileRef = EBD71B2529E592010077739D /* SwiftUIChartHelper.swift */; };
		EBD71B2929E5ACEF0077739D /* Extensions.swift in Sources */ = {isa = PBXBuildFile; fileRef = EBD71B2829E5ACEF0077739D /* Extensions.swift */; };
/* End PBXBuildFile section */

/* Begin PBXFileReference section */
		EBD71AFD29E582DA0077739D /* Whatodo.app */ = {isa = PBXFileReference; explicitFileType = wrapper.application; includeInIndex = 0; path = Whatodo.app; sourceTree = BUILT_PRODUCTS_DIR; };
		EBD71B0029E582DA0077739D /* WhatodoApp.swift */ = {isa = PBXFileReference; lastKnownFileType = sourcecode.swift; path = WhatodoApp.swift; sourceTree = "<group>"; };
		EBD71B0229E582DA0077739D /* ContentView.swift */ = {isa = PBXFileReference; lastKnownFileType = sourcecode.swift; path = ContentView.swift; sourceTree = "<group>"; };
		EBD71B0429E582DE0077739D /* Assets.xcassets */ = {isa = PBXFileReference; lastKnownFileType = folder.assetcatalog; path = Assets.xcassets; sourceTree = "<group>"; };
		EBD71B0729E582DE0077739D /* Preview Assets.xcassets */ = {isa = PBXFileReference; lastKnownFileType = folder.assetcatalog; path = "Preview Assets.xcassets"; sourceTree = "<group>"; };
		EBD71B1529E58E2C0077739D /* Model.xcdatamodel */ = {isa = PBXFileReference; lastKnownFileType = wrapper.xcdatamodel; path = Model.xcdatamodel; sourceTree = "<group>"; };
		EBD71B1729E58F0A0077739D /* Task+CoreDataClass.swift */ = {isa = PBXFileReference; lastKnownFileType = sourcecode.swift; path = "Task+CoreDataClass.swift"; sourceTree = "<group>"; };
		EBD71B1829E58F0A0077739D /* Task+CoreDataProperties.swift */ = {isa = PBXFileReference; lastKnownFileType = sourcecode.swift; path = "Task+CoreDataProperties.swift"; sourceTree = "<group>"; };
		EBD71B1929E58F0A0077739D /* User+CoreDataClass.swift */ = {isa = PBXFileReference; lastKnownFileType = sourcecode.swift; path = "User+CoreDataClass.swift"; sourceTree = "<group>"; };
		EBD71B1A29E58F0A0077739D /* User+CoreDataProperties.swift */ = {isa = PBXFileReference; lastKnownFileType = sourcecode.swift; path = "User+CoreDataProperties.swift"; sourceTree = "<group>"; };
		EBD71B1F29E590A90077739D /* SearchBarView.swift */ = {isa = PBXFileReference; lastKnownFileType = sourcecode.swift; path = SearchBarView.swift; sourceTree = "<group>"; };
		EBD71B2129E590B70077739D /* AddTaskView.swift */ = {isa = PBXFileReference; lastKnownFileType = sourcecode.swift; path = AddTaskView.swift; sourceTree = "<group>"; };
		EBD71B2329E590C70077739D /* AddAdditionalInfoView.swift */ = {isa = PBXFileReference; lastKnownFileType = sourcecode.swift; path = AddAdditionalInfoView.swift; sourceTree = "<group>"; };
		EBD71B2529E592010077739D /* SwiftUIChartHelper.swift */ = {isa = PBXFileReference; lastKnownFileType = sourcecode.swift; path = SwiftUIChartHelper.swift; sourceTree = "<group>"; };
		EBD71B2829E5ACEF0077739D /* Extensions.swift */ = {isa = PBXFileReference; lastKnownFileType = sourcecode.swift; path = Extensions.swift; sourceTree = "<group>"; };
/* End PBXFileReference section */

/* Begin PBXFrameworksBuildPhase section */
		EBD71AFA29E582DA0077739D /* Frameworks */ = {
			isa = PBXFrameworksBuildPhase;
			buildActionMask = 2147483647;
			files = (
				EBD71B1029E58BB60077739D /* SwiftUICharts in Frameworks */,
			);
			runOnlyForDeploymentPostprocessing = 0;
		};
/* End PBXFrameworksBuildPhase section */

/* Begin PBXGroup section */
		EBD71AF429E582DA0077739D = {
			isa = PBXGroup;
			children = (
				EBD71AFF29E582DA0077739D /* Whatodo */,
				EBD71AFE29E582DA0077739D /* Products */,
			);
			sourceTree = "<group>";
		};
		EBD71AFE29E582DA0077739D /* Products */ = {
			isa = PBXGroup;
			children = (
				EBD71AFD29E582DA0077739D /* Whatodo.app */,
			);
			name = Products;
			sourceTree = "<group>";
		};
		EBD71AFF29E582DA0077739D /* Whatodo */ = {
			isa = PBXGroup;
			children = (
				EBD71B2729E5ACD60077739D /* Extensions */,
				EBD71B1329E58C190077739D /* Model */,
				EBD71B1229E58C020077739D /* View */,
				EBD71B1129E58BEE0077739D /* Controller */,
				EBD71B0029E582DA0077739D /* WhatodoApp.swift */,
				EBD71B0429E582DE0077739D /* Assets.xcassets */,
				EBD71B0629E582DE0077739D /* Preview Content */,
				EBD71B1429E58E2C0077739D /* Model.xcdatamodeld */,
			);
			path = Whatodo;
			sourceTree = "<group>";
		};
		EBD71B0629E582DE0077739D /* Preview Content */ = {
			isa = PBXGroup;
			children = (
				EBD71B0729E582DE0077739D /* Preview Assets.xcassets */,
			);
			path = "Preview Content";
			sourceTree = "<group>";
		};
		EBD71B1129E58BEE0077739D /* Controller */ = {
			isa = PBXGroup;
			children = (
				EBD71B2529E592010077739D /* SwiftUIChartHelper.swift */,
			);
			path = Controller;
			sourceTree = "<group>";
		};
		EBD71B1229E58C020077739D /* View */ = {
			isa = PBXGroup;
			children = (
				EBD71B0229E582DA0077739D /* ContentView.swift */,
				EBD71B1F29E590A90077739D /* SearchBarView.swift */,
				EBD71B2129E590B70077739D /* AddTaskView.swift */,
				EBD71B2329E590C70077739D /* AddAdditionalInfoView.swift */,
			);
			path = View;
			sourceTree = "<group>";
		};
		EBD71B1329E58C190077739D /* Model */ = {
			isa = PBXGroup;
			children = (
				EBD71B1729E58F0A0077739D /* Task+CoreDataClass.swift */,
				EBD71B1829E58F0A0077739D /* Task+CoreDataProperties.swift */,
				EBD71B1929E58F0A0077739D /* User+CoreDataClass.swift */,
				EBD71B1A29E58F0A0077739D /* User+CoreDataProperties.swift */,
			);
			path = Model;
			sourceTree = "<group>";
		};
		EBD71B2729E5ACD60077739D /* Extensions */ = {
			isa = PBXGroup;
			children = (
				EBD71B2829E5ACEF0077739D /* Extensions.swift */,
			);
			path = Extensions;
			sourceTree = "<group>";
		};
/* End PBXGroup section */

/* Begin PBXNativeTarget section */
		EBD71AFC29E582DA0077739D /* Whatodo */ = {
			isa = PBXNativeTarget;
			buildConfigurationList = EBD71B0B29E582DE0077739D /* Build configuration list for PBXNativeTarget "Whatodo" */;
			buildPhases = (
				EBD71AF929E582DA0077739D /* Sources */,
				EBD71AFA29E582DA0077739D /* Frameworks */,
				EBD71AFB29E582DA0077739D /* Resources */,
			);
			buildRules = (
			);
			dependencies = (
			);
			name = Whatodo;
			packageProductDependencies = (
				EBD71B0F29E58BB60077739D /* SwiftUICharts */,
			);
			productName = Whatodo;
			productReference = EBD71AFD29E582DA0077739D /* Whatodo.app */;
			productType = "com.apple.product-type.application";
		};
/* End PBXNativeTarget section */

/* Begin PBXProject section */
		EBD71AF529E582DA0077739D /* Project object */ = {
			isa = PBXProject;
			attributes = {
				BuildIndependentTargetsInParallel = 1;
				LastSwiftUpdateCheck = 1430;
				LastUpgradeCheck = 1430;
				TargetAttributes = {
					EBD71AFC29E582DA0077739D = {
						CreatedOnToolsVersion = 14.3;
					};
				};
			};
			buildConfigurationList = EBD71AF829E582DA0077739D /* Build configuration list for PBXProject "Whatodo" */;
			compatibilityVersion = "Xcode 14.0";
			developmentRegion = en;
			hasScannedForEncodings = 0;
			knownRegions = (
				en,
				Base,
			);
			mainGroup = EBD71AF429E582DA0077739D;
			packageReferences = (
				EBD71B0E29E58BB60077739D /* XCRemoteSwiftPackageReference "SwiftUICharts" */,
			);
			productRefGroup = EBD71AFE29E582DA0077739D /* Products */;
			projectDirPath = "";
			projectRoot = "";
			targets = (
				EBD71AFC29E582DA0077739D /* Whatodo */,
			);
		};
/* End PBXProject section */

/* Begin PBXResourcesBuildPhase section */
		EBD71AFB29E582DA0077739D /* Resources */ = {
			isa = PBXResourcesBuildPhase;
			buildActionMask = 2147483647;
			files = (
				EBD71B0829E582DE0077739D /* Preview Assets.xcassets in Resources */,
				EBD71B0529E582DE0077739D /* Assets.xcassets in Resources */,
			);
			runOnlyForDeploymentPostprocessing = 0;
		};
/* End PBXResourcesBuildPhase section */

/* Begin PBXSourcesBuildPhase section */
		EBD71AF929E582DA0077739D /* Sources */ = {
			isa = PBXSourcesBuildPhase;
			buildActionMask = 2147483647;
			files = (
				EBD71B0329E582DA0077739D /* ContentView.swift in Sources */,
				EBD71B2429E590C70077739D /* AddAdditionalInfoView.swift in Sources */,
				EBD71B0129E582DA0077739D /* WhatodoApp.swift in Sources */,
				EBD71B1D29E58F0A0077739D /* User+CoreDataClass.swift in Sources */,
				EBD71B2229E590B70077739D /* AddTaskView.swift in Sources */,
				EBD71B1E29E58F0A0077739D /* User+CoreDataProperties.swift in Sources */,
				EBD71B2029E590A90077739D /* SearchBarView.swift in Sources */,
				EBD71B2929E5ACEF0077739D /* Extensions.swift in Sources */,
				EBD71B1B29E58F0A0077739D /* Task+CoreDataClass.swift in Sources */,
				EBD71B1C29E58F0A0077739D /* Task+CoreDataProperties.swift in Sources */,
				EBD71B1629E58E2C0077739D /* Model.xcdatamodeld in Sources */,
				EBD71B2629E592010077739D /* SwiftUIChartHelper.swift in Sources */,
			);
			runOnlyForDeploymentPostprocessing = 0;
		};
/* End PBXSourcesBuildPhase section */

/* Begin XCBuildConfiguration section */
		EBD71B0929E582DE0077739D /* Debug */ = {
			isa = XCBuildConfiguration;
			buildSettings = {
				ALWAYS_SEARCH_USER_PATHS = NO;
				CLANG_ANALYZER_NONNULL = YES;
				CLANG_ANALYZER_NUMBER_OBJECT_CONVERSION = YES_AGGRESSIVE;
				CLANG_CXX_LANGUAGE_STANDARD = "gnu++20";
				CLANG_ENABLE_MODULES = YES;
				CLANG_ENABLE_OBJC_ARC = YES;
				CLANG_ENABLE_OBJC_WEAK = YES;
				CLANG_WARN_BLOCK_CAPTURE_AUTORELEASING = YES;
				CLANG_WARN_BOOL_CONVERSION = YES;
				CLANG_WARN_COMMA = YES;
				CLANG_WARN_CONSTANT_CONVERSION = YES;
				CLANG_WARN_DEPRECATED_OBJC_IMPLEMENTATIONS = YES;
				CLANG_WARN_DIRECT_OBJC_ISA_USAGE = YES_ERROR;
				CLANG_WARN_DOCUMENTATION_COMMENTS = YES;
				CLANG_WARN_EMPTY_BODY = YES;
				CLANG_WARN_ENUM_CONVERSION = YES;
				CLANG_WARN_INFINITE_RECURSION = YES;
				CLANG_WARN_INT_CONVERSION = YES;
				CLANG_WARN_NON_LITERAL_NULL_CONVERSION = YES;
				CLANG_WARN_OBJC_IMPLICIT_RETAIN_SELF = YES;
				CLANG_WARN_OBJC_LITERAL_CONVERSION = YES;
				CLANG_WARN_OBJC_ROOT_CLASS = YES_ERROR;
				CLANG_WARN_QUOTED_INCLUDE_IN_FRAMEWORK_HEADER = YES;
				CLANG_WARN_RANGE_LOOP_ANALYSIS = YES;
				CLANG_WARN_STRICT_PROTOTYPES = YES;
				CLANG_WARN_SUSPICIOUS_MOVE = YES;
				CLANG_WARN_UNGUARDED_AVAILABILITY = YES_AGGRESSIVE;
				CLANG_WARN_UNREACHABLE_CODE = YES;
				CLANG_WARN__DUPLICATE_METHOD_MATCH = YES;
				COPY_PHASE_STRIP = NO;
				DEBUG_INFORMATION_FORMAT = dwarf;
				ENABLE_STRICT_OBJC_MSGSEND = YES;
				ENABLE_TESTABILITY = YES;
				GCC_C_LANGUAGE_STANDARD = gnu11;
				GCC_DYNAMIC_NO_PIC = NO;
				GCC_NO_COMMON_BLOCKS = YES;
				GCC_OPTIMIZATION_LEVEL = 0;
				GCC_PREPROCESSOR_DEFINITIONS = (
					"DEBUG=1",
					"$(inherited)",
				);
				GCC_WARN_64_TO_32_BIT_CONVERSION = YES;
				GCC_WARN_ABOUT_RETURN_TYPE = YES_ERROR;
				GCC_WARN_UNDECLARED_SELECTOR = YES;
				GCC_WARN_UNINITIALIZED_AUTOS = YES_AGGRESSIVE;
				GCC_WARN_UNUSED_FUNCTION = YES;
				GCC_WARN_UNUSED_VARIABLE = YES;
				IPHONEOS_DEPLOYMENT_TARGET = 16.4;
				MTL_ENABLE_DEBUG_INFO = INCLUDE_SOURCE;
				MTL_FAST_MATH = YES;
				ONLY_ACTIVE_ARCH = YES;
				SDKROOT = iphoneos;
				SWIFT_ACTIVE_COMPILATION_CONDITIONS = DEBUG;
				SWIFT_OPTIMIZATION_LEVEL = "-Onone";
			};
			name = Debug;
		};
		EBD71B0A29E582DE0077739D /* Release */ = {
			isa = XCBuildConfiguration;
			buildSettings = {
				ALWAYS_SEARCH_USER_PATHS = NO;
				CLANG_ANALYZER_NONNULL = YES;
				CLANG_ANALYZER_NUMBER_OBJECT_CONVERSION = YES_AGGRESSIVE;
				CLANG_CXX_LANGUAGE_STANDARD = "gnu++20";
				CLANG_ENABLE_MODULES = YES;
				CLANG_ENABLE_OBJC_ARC = YES;
				CLANG_ENABLE_OBJC_WEAK = YES;
				CLANG_WARN_BLOCK_CAPTURE_AUTORELEASING = YES;
				CLANG_WARN_BOOL_CONVERSION = YES;
				CLANG_WARN_COMMA = YES;
				CLANG_WARN_CONSTANT_CONVERSION = YES;
				CLANG_WARN_DEPRECATED_OBJC_IMPLEMENTATIONS = YES;
				CLANG_WARN_DIRECT_OBJC_ISA_USAGE = YES_ERROR;
				CLANG_WARN_DOCUMENTATION_COMMENTS = YES;
				CLANG_WARN_EMPTY_BODY = YES;
				CLANG_WARN_ENUM_CONVERSION = YES;
				CLANG_WARN_INFINITE_RECURSION = YES;
				CLANG_WARN_INT_CONVERSION = YES;
				CLANG_WARN_NON_LITERAL_NULL_CONVERSION = YES;
				CLANG_WARN_OBJC_IMPLICIT_RETAIN_SELF = YES;
				CLANG_WARN_OBJC_LITERAL_CONVERSION = YES;
				CLANG_WARN_OBJC_ROOT_CLASS = YES_ERROR;
				CLANG_WARN_QUOTED_INCLUDE_IN_FRAMEWORK_HEADER = YES;
				CLANG_WARN_RANGE_LOOP_ANALYSIS = YES;
				CLANG_WARN_STRICT_PROTOTYPES = YES;
				CLANG_WARN_SUSPICIOUS_MOVE = YES;
				CLANG_WARN_UNGUARDED_AVAILABILITY = YES_AGGRESSIVE;
				CLANG_WARN_UNREACHABLE_CODE = YES;
				CLANG_WARN__DUPLICATE_METHOD_MATCH = YES;
				COPY_PHASE_STRIP = NO;
				DEBUG_INFORMATION_FORMAT = "dwarf-with-dsym";
				ENABLE_NS_ASSERTIONS = NO;
				ENABLE_STRICT_OBJC_MSGSEND = YES;
				GCC_C_LANGUAGE_STANDARD = gnu11;
				GCC_NO_COMMON_BLOCKS = YES;
				GCC_WARN_64_TO_32_BIT_CONVERSION = YES;
				GCC_WARN_ABOUT_RETURN_TYPE = YES_ERROR;
				GCC_WARN_UNDECLARED_SELECTOR = YES;
				GCC_WARN_UNINITIALIZED_AUTOS = YES_AGGRESSIVE;
				GCC_WARN_UNUSED_FUNCTION = YES;
				GCC_WARN_UNUSED_VARIABLE = YES;
				IPHONEOS_DEPLOYMENT_TARGET = 16.4;
				MTL_ENABLE_DEBUG_INFO = NO;
				MTL_FAST_MATH = YES;
				SDKROOT = iphoneos;
				SWIFT_COMPILATION_MODE = wholemodule;
				SWIFT_OPTIMIZATION_LEVEL = "-O";
				VALIDATE_PRODUCT = YES;
			};
			name = Release;
		};
		EBD71B0C29E582DE0077739D /* Debug */ = {
			isa = XCBuildConfiguration;
			buildSettings = {
				ASSETCATALOG_COMPILER_APPICON_NAME = AppIcon;
				ASSETCATALOG_COMPILER_GLOBAL_ACCENT_COLOR_NAME = AccentColor;
				CODE_SIGN_STYLE = Automatic;
				CURRENT_PROJECT_VERSION = 1;
				DEVELOPMENT_ASSET_PATHS = "\"Whatodo/Preview Content\"";
				DEVELOPMENT_TEAM = WKR6YG78R4;
				ENABLE_PREVIEWS = YES;
				GENERATE_INFOPLIST_FILE = YES;
				INFOPLIST_KEY_UIApplicationSceneManifest_Generation = YES;
				INFOPLIST_KEY_UIApplicationSupportsIndirectInputEvents = YES;
				INFOPLIST_KEY_UILaunchScreen_Generation = YES;
				INFOPLIST_KEY_UISupportedInterfaceOrientations_iPad = "UIInterfaceOrientationPortrait UIInterfaceOrientationPortraitUpsideDown UIInterfaceOrientationLandscapeLeft UIInterfaceOrientationLandscapeRight";
				INFOPLIST_KEY_UISupportedInterfaceOrientations_iPhone = "UIInterfaceOrientationPortrait UIInterfaceOrientationLandscapeLeft UIInterfaceOrientationLandscapeRight";
				LD_RUNPATH_SEARCH_PATHS = (
					"$(inherited)",
					"@executable_path/Frameworks",
				);
				MARKETING_VERSION = 1.0;
				PRODUCT_BUNDLE_IDENTIFIER = ios.Whatodo;
				PRODUCT_NAME = "$(TARGET_NAME)";
				SWIFT_EMIT_LOC_STRINGS = YES;
				SWIFT_VERSION = 5.0;
				TARGETED_DEVICE_FAMILY = "1,2";
			};
			name = Debug;
		};
		EBD71B0D29E582DE0077739D /* Release */ = {
			isa = XCBuildConfiguration;
			buildSettings = {
				ASSETCATALOG_COMPILER_APPICON_NAME = AppIcon;
				ASSETCATALOG_COMPILER_GLOBAL_ACCENT_COLOR_NAME = AccentColor;
				CODE_SIGN_STYLE = Automatic;
				CURRENT_PROJECT_VERSION = 1;
				DEVELOPMENT_ASSET_PATHS = "\"Whatodo/Preview Content\"";
				DEVELOPMENT_TEAM = WKR6YG78R4;
				ENABLE_PREVIEWS = YES;
				GENERATE_INFOPLIST_FILE = YES;
				INFOPLIST_KEY_UIApplicationSceneManifest_Generation = YES;
				INFOPLIST_KEY_UIApplicationSupportsIndirectInputEvents = YES;
				INFOPLIST_KEY_UILaunchScreen_Generation = YES;
				INFOPLIST_KEY_UISupportedInterfaceOrientations_iPad = "UIInterfaceOrientationPortrait UIInterfaceOrientationPortraitUpsideDown UIInterfaceOrientationLandscapeLeft UIInterfaceOrientationLandscapeRight";
				INFOPLIST_KEY_UISupportedInterfaceOrientations_iPhone = "UIInterfaceOrientationPortrait UIInterfaceOrientationLandscapeLeft UIInterfaceOrientationLandscapeRight";
				LD_RUNPATH_SEARCH_PATHS = (
					"$(inherited)",
					"@executable_path/Frameworks",
				);
				MARKETING_VERSION = 1.0;
				PRODUCT_BUNDLE_IDENTIFIER = ios.Whatodo;
				PRODUCT_NAME = "$(TARGET_NAME)";
				SWIFT_EMIT_LOC_STRINGS = YES;
				SWIFT_VERSION = 5.0;
				TARGETED_DEVICE_FAMILY = "1,2";
			};
			name = Release;
		};
/* End XCBuildConfiguration section */

/* Begin XCConfigurationList section */
		EBD71AF829E582DA0077739D /* Build configuration list for PBXProject "Whatodo" */ = {
			isa = XCConfigurationList;
			buildConfigurations = (
				EBD71B0929E582DE0077739D /* Debug */,
				EBD71B0A29E582DE0077739D /* Release */,
			);
			defaultConfigurationIsVisible = 0;
			defaultConfigurationName = Release;
		};
		EBD71B0B29E582DE0077739D /* Build configuration list for PBXNativeTarget "Whatodo" */ = {
			isa = XCConfigurationList;
			buildConfigurations = (
				EBD71B0C29E582DE0077739D /* Debug */,
				EBD71B0D29E582DE0077739D /* Release */,
			);
			defaultConfigurationIsVisible = 0;
			defaultConfigurationName = Release;
		};
/* End XCConfigurationList section */

/* Begin XCRemoteSwiftPackageReference section */
		EBD71B0E29E58BB60077739D /* XCRemoteSwiftPackageReference "SwiftUICharts" */ = {
			isa = XCRemoteSwiftPackageReference;
			repositoryURL = "https://github.com/willdale/SwiftUICharts.git";
			requirement = {
				kind = upToNextMajorVersion;
				minimumVersion = 2.0.0;
			};
		};
/* End XCRemoteSwiftPackageReference section */

/* Begin XCSwiftPackageProductDependency section */
		EBD71B0F29E58BB60077739D /* SwiftUICharts */ = {
			isa = XCSwiftPackageProductDependency;
			package = EBD71B0E29E58BB60077739D /* XCRemoteSwiftPackageReference "SwiftUICharts" */;
			productName = SwiftUICharts;
		};
/* End XCSwiftPackageProductDependency section */

/* Begin XCVersionGroup section */
		EBD71B1429E58E2C0077739D /* Model.xcdatamodeld */ = {
			isa = XCVersionGroup;
			children = (
				EBD71B1529E58E2C0077739D /* Model.xcdatamodel */,
			);
			currentVersion = EBD71B1529E58E2C0077739D /* Model.xcdatamodel */;
			path = Model.xcdatamodeld;
			sourceTree = "<group>";
			versionGroupType = wrapper.xcdatamodel;
		};
/* End XCVersionGroup section */
	};
	rootObject = EBD71AF529E582DA0077739D /* Project object */;
}
